
Microsoft Visual Studio Solution File, Format Version 12.00
# Visual Studio Version 17
VisualStudioVersion = 17.3.32825.248
MinimumVisualStudioVersion = 10.0.40219.1
Project("{FAE04EC0-301F-11D3-BF4B-00C04F79EFBC}") = "ConsoleApp1", "ConsoleApp1\ConsoleApp1.csproj", "{4288464E-8F83-4524-8977-E5FCFAA27535}"
EndProject
Global
	GlobalSection(SolutionConfigurationPlatforms) = preSolution
		Debug|Any CPU = Debug|Any CPU
		Release|Any CPU = Release|Any CPU
	EndGlobalSection
	GlobalSection(ProjectConfigurationPlatforms) = postSolution
		{4288464E-8F83-4524-8977-E5FCFAA27535}.Debug|Any CPU.ActiveCfg = Debug|Any CPU
		{4288464E-8F83-4524-8977-E5FCFAA27535}.Debug|Any CPU.Build.0 = Debug|Any CPU
		{4288464E-8F83-4524-8977-E5FCFAA27535}.Release|Any CPU.ActiveCfg = Release|Any CPU
		{4288464E-8F83-4524-8977-E5FCFAA27535}.Release|Any CPU.Build.0 = Release|Any CPU
	EndGlobalSection
	GlobalSection(SolutionProperties) = preSolution
		HideSolutionNode = FALSE
	EndGlobalSection
	GlobalSection(ExtensibilityGlobals) = postSolution
		SolutionGuid = {1BD47E94-9A6E-467D-9A92-25CC3823B603}
	EndGlobalSection
EndGlobal
